
Microsoft Visual Studio Solution File, Format Version 12.00
# Visual Studio Version 16
VisualStudioVersion = 25.0.1704.3
MinimumVisualStudioVersion = 10.0.40219.1
Project("{FAE04EC0-301F-11D3-BF4B-00C04F79EFBC}") = "Mission_6", "Mission_6\Mission_6.csproj", "{4546700A-FEB8-44FD-8227-74436BBDECEB}"
EndProject
Global
	GlobalSection(SolutionConfigurationPlatforms) = preSolution
		Debug|Any CPU = Debug|Any CPU
		Release|Any CPU = Release|Any CPU
	EndGlobalSection
	GlobalSection(ProjectConfigurationPlatforms) = postSolution
		{4546700A-FEB8-44FD-8227-74436BBDECEB}.Debug|Any CPU.ActiveCfg = Debug|Any CPU
		{4546700A-FEB8-44FD-8227-74436BBDECEB}.Debug|Any CPU.Build.0 = Debug|Any CPU
		{4546700A-FEB8-44FD-8227-74436BBDECEB}.Release|Any CPU.ActiveCfg = Release|Any CPU
		{4546700A-FEB8-44FD-8227-74436BBDECEB}.Release|Any CPU.Build.0 = Release|Any CPU
	EndGlobalSection
	GlobalSection(SolutionProperties) = preSolution
		HideSolutionNode = FALSE
	EndGlobalSection
	GlobalSection(ExtensibilityGlobals) = postSolution
		SolutionGuid = {202F5EE9-8E24-491C-93C4-9A03761F23E8}
	EndGlobalSection
EndGlobal
